// !$*UTF8*$!
{
	archiveVersion = 1;
	classes = {
	};
	objectVersion = 50;
	objects = {

/* Begin PBXBuildFile section */
		4788D6CF20B024A70085C1F1 /* AppDelegate.swift in Sources */ = {isa = PBXBuildFile; fileRef = 4788D6CE20B024A70085C1F1 /* AppDelegate.swift */; };
		4788D6D120B024A70085C1F1 /* ViewController.swift in Sources */ = {isa = PBXBuildFile; fileRef = 4788D6D020B024A70085C1F1 /* ViewController.swift */; };
		4788D6D420B024A70085C1F1 /* Main.storyboard in Resources */ = {isa = PBXBuildFile; fileRef = 4788D6D220B024A70085C1F1 /* Main.storyboard */; };
		4788D6D620B024A90085C1F1 /* Assets.xcassets in Resources */ = {isa = PBXBuildFile; fileRef = 4788D6D520B024A90085C1F1 /* Assets.xcassets */; };
		4788D6D920B024A90085C1F1 /* LaunchScreen.storyboard in Resources */ = {isa = PBXBuildFile; fileRef = 4788D6D720B024A90085C1F1 /* LaunchScreen.storyboard */; };
		4788D6E420B024A90085C1F1 /* testTests.swift in Sources */ = {isa = PBXBuildFile; fileRef = 4788D6E320B024A90085C1F1 /* testTests.swift */; };
		4788D6EF20B024A90085C1F1 /* testUITests.swift in Sources */ = {isa = PBXBuildFile; fileRef = 4788D6EE20B024A90085C1F1 /* testUITests.swift */; };
/* End PBXBuildFile section */

/* Begin PBXContainerItemProxy section */
		4788D6E020B024A90085C1F1 /* PBXContainerItemProxy */ = {
			isa = PBXContainerItemProxy;
			containerPortal = 4788D6C320B024A70085C1F1 /* Project object */;
			proxyType = 1;
			remoteGlobalIDString = 4788D6CA20B024A70085C1F1;
			remoteInfo = test;
		};
		4788D6EB20B024A90085C1F1 /* PBXContainerItemProxy */ = {
			isa = PBXContainerItemProxy;
			containerPortal = 4788D6C320B024A70085C1F1 /* Project object */;
			proxyType = 1;
			remoteGlobalIDString = 4788D6CA20B024A70085C1F1;
			remoteInfo = test;
		};
/* End PBXContainerItemProxy section */

/* Begin PBXFileReference section */
		4788D6CB20B024A70085C1F1 /* AutpLayoutAPI.app */ = {isa = PBXFileReference; explicitFileType = wrapper.application; includeInIndex = 0; path = AutpLayoutAPI.app; sourceTree = BUILT_PRODUCTS_DIR; };
		4788D6CE20B024A70085C1F1 /* AppDelegate.swift */ = {isa = PBXFileReference; lastKnownFileType = sourcecode.swift; path = AppDelegate.swift; sourceTree = "<group>"; };
		4788D6D020B024A70085C1F1 /* ViewController.swift */ = {isa = PBXFileReference; lastKnownFileType = sourcecode.swift; path = ViewController.swift; sourceTree = "<group>"; };
		4788D6D320B024A70085C1F1 /* Base */ = {isa = PBXFileReference; lastKnownFileType = file.storyboard; name = Base; path = Base.lproj/Main.storyboard; sourceTree = "<group>"; };
		4788D6D520B024A90085C1F1 /* Assets.xcassets */ = {isa = PBXFileReference; lastKnownFileType = folder.assetcatalog; path = Assets.xcassets; sourceTree = "<group>"; };
		4788D6D820B024A90085C1F1 /* Base */ = {isa = PBXFileReference; lastKnownFileType = file.storyboard; name = Base; path = Base.lproj/LaunchScreen.storyboard; sourceTree = "<group>"; };
		4788D6DA20B024A90085C1F1 /* Info.plist */ = {isa = PBXFileReference; lastKnownFileType = text.plist.xml; path = Info.plist; sourceTree = "<group>"; };
		4788D6DF20B024A90085C1F1 /* AutpLayoutAPITests.xctest */ = {isa = PBXFileReference; explicitFileType = wrapper.cfbundle; includeInIndex = 0; path = AutpLayoutAPITests.xctest; sourceTree = BUILT_PRODUCTS_DIR; };
		4788D6E320B024A90085C1F1 /* testTests.swift */ = {isa = PBXFileReference; lastKnownFileType = sourcecode.swift; path = testTests.swift; sourceTree = "<group>"; };
		4788D6E520B024A90085C1F1 /* Info.plist */ = {isa = PBXFileReference; lastKnownFileType = text.plist.xml; path = Info.plist; sourceTree = "<group>"; };
		4788D6EA20B024A90085C1F1 /* AutpLayoutAPIUITests.xctest */ = {isa = PBXFileReference; explicitFileType = wrapper.cfbundle; includeInIndex = 0; path = AutpLayoutAPIUITests.xctest; sourceTree = BUILT_PRODUCTS_DIR; };
		4788D6EE20B024A90085C1F1 /* testUITests.swift */ = {isa = PBXFileReference; lastKnownFileType = sourcecode.swift; path = testUITests.swift; sourceTree = "<group>"; };
		4788D6F020B024A90085C1F1 /* Info.plist */ = {isa = PBXFileReference; lastKnownFileType = text.plist.xml; path = Info.plist; sourceTree = "<group>"; };
/* End PBXFileReference section */

/* Begin PBXFrameworksBuildPhase section */
		4788D6C820B024A70085C1F1 /* Frameworks */ = {
			isa = PBXFrameworksBuildPhase;
			buildActionMask = 2147483647;
			files = (
			);
			runOnlyForDeploymentPostprocessing = 0;
		};
		4788D6DC20B024A90085C1F1 /* Frameworks */ = {
			isa = PBXFrameworksBuildPhase;
			buildActionMask = 2147483647;
			files = (
			);
			runOnlyForDeploymentPostprocessing = 0;
		};
		4788D6E720B024A90085C1F1 /* Frameworks */ = {
			isa = PBXFrameworksBuildPhase;
			buildActionMask = 2147483647;
			files = (
			);
			runOnlyForDeploymentPostprocessing = 0;
		};
/* End PBXFrameworksBuildPhase section */

/* Begin PBXGroup section */
		4788D6C220B024A70085C1F1 = {
			isa = PBXGroup;
			children = (
				4788D6CD20B024A70085C1F1 /* test */,
				4788D6E220B024A90085C1F1 /* testTests */,
				4788D6ED20B024A90085C1F1 /* testUITests */,
				4788D6CC20B024A70085C1F1 /* Products */,
			);
			sourceTree = "<group>";
		};
		4788D6CC20B024A70085C1F1 /* Products */ = {
			isa = PBXGroup;
			children = (
				4788D6CB20B024A70085C1F1 /* AutpLayoutAPI.app */,
				4788D6DF20B024A90085C1F1 /* AutpLayoutAPITests.xctest */,
				4788D6EA20B024A90085C1F1 /* AutpLayoutAPIUITests.xctest */,
			);
			name = Products;
			sourceTree = "<group>";
		};
		4788D6CD20B024A70085C1F1 /* test */ = {
			isa = PBXGroup;
			children = (
				4788D6CE20B024A70085C1F1 /* AppDelegate.swift */,
				4788D6D020B024A70085C1F1 /* ViewController.swift */,
				4788D6D220B024A70085C1F1 /* Main.storyboard */,
				4788D6D520B024A90085C1F1 /* Assets.xcassets */,
				4788D6D720B024A90085C1F1 /* LaunchScreen.storyboard */,
				4788D6DA20B024A90085C1F1 /* Info.plist */,
			);
			path = test;
			sourceTree = "<group>";
		};
		4788D6E220B024A90085C1F1 /* testTests */ = {
			isa = PBXGroup;
			children = (
				4788D6E320B024A90085C1F1 /* testTests.swift */,
				4788D6E520B024A90085C1F1 /* Info.plist */,
			);
			path = testTests;
			sourceTree = "<group>";
		};
		4788D6ED20B024A90085C1F1 /* testUITests */ = {
			isa = PBXGroup;
			children = (
				4788D6EE20B024A90085C1F1 /* testUITests.swift */,
				4788D6F020B024A90085C1F1 /* Info.plist */,
			);
			path = testUITests;
			sourceTree = "<group>";
		};
/* End PBXGroup section */

/* Begin PBXNativeTarget section */
		4788D6CA20B024A70085C1F1 /* AutpLayoutAPI */ = {
			isa = PBXNativeTarget;
			buildConfigurationList = 4788D6F320B024A90085C1F1 /* Build configuration list for PBXNativeTarget "AutpLayoutAPI" */;
			buildPhases = (
				4788D6C720B024A70085C1F1 /* Sources */,
				4788D6C820B024A70085C1F1 /* Frameworks */,
				4788D6C920B024A70085C1F1 /* Resources */,
			);
			buildRules = (
			);
			dependencies = (
			);
			name = AutpLayoutAPI;
			productName = test;
			productReference = 4788D6CB20B024A70085C1F1 /* AutpLayoutAPI.app */;
			productType = "com.apple.product-type.application";
		};
		4788D6DE20B024A90085C1F1 /* AutpLayoutAPITests */ = {
			isa = PBXNativeTarget;
			buildConfigurationList = 4788D6F620B024A90085C1F1 /* Build configuration list for PBXNativeTarget "AutpLayoutAPITests" */;
			buildPhases = (
				4788D6DB20B024A90085C1F1 /* Sources */,
				4788D6DC20B024A90085C1F1 /* Frameworks */,
				4788D6DD20B024A90085C1F1 /* Resources */,
			);
			buildRules = (
			);
			dependencies = (
				4788D6E120B024A90085C1F1 /* PBXTargetDependency */,
			);
			name = AutpLayoutAPITests;
			productName = testTests;
			productReference = 4788D6DF20B024A90085C1F1 /* AutpLayoutAPITests.xctest */;
			productType = "com.apple.product-type.bundle.unit-test";
		};
		4788D6E920B024A90085C1F1 /* AutpLayoutAPIUITests */ = {
			isa = PBXNativeTarget;
			buildConfigurationList = 4788D6F920B024A90085C1F1 /* Build configuration list for PBXNativeTarget "AutpLayoutAPIUITests" */;
			buildPhases = (
				4788D6E620B024A90085C1F1 /* Sources */,
				4788D6E720B024A90085C1F1 /* Frameworks */,
				4788D6E820B024A90085C1F1 /* Resources */,
			);
			buildRules = (
			);
			dependencies = (
				4788D6EC20B024A90085C1F1 /* PBXTargetDependency */,
			);
			name = AutpLayoutAPIUITests;
			productName = testUITests;
			productReference = 4788D6EA20B024A90085C1F1 /* AutpLayoutAPIUITests.xctest */;
			productType = "com.apple.product-type.bundle.ui-testing";
		};
/* End PBXNativeTarget section */

/* Begin PBXProject section */
		4788D6C320B024A70085C1F1 /* Project object */ = {
			isa = PBXProject;
			attributes = {
				LastSwiftUpdateCheck = 0930;
				LastUpgradeCheck = 0930;
				ORGANIZATIONNAME = XYW;
				TargetAttributes = {
					4788D6CA20B024A70085C1F1 = {
						CreatedOnToolsVersion = 9.3.1;
					};
					4788D6DE20B024A90085C1F1 = {
						CreatedOnToolsVersion = 9.3.1;
						TestTargetID = 4788D6CA20B024A70085C1F1;
					};
					4788D6E920B024A90085C1F1 = {
						CreatedOnToolsVersion = 9.3.1;
						TestTargetID = 4788D6CA20B024A70085C1F1;
					};
				};
			};
			buildConfigurationList = 4788D6C620B024A70085C1F1 /* Build configuration list for PBXProject "AutpLayoutAPI" */;
			compatibilityVersion = "Xcode 9.3";
			developmentRegion = en;
			hasScannedForEncodings = 0;
			knownRegions = (
				en,
				Base,
			);
			mainGroup = 4788D6C220B024A70085C1F1;
			productRefGroup = 4788D6CC20B024A70085C1F1 /* Products */;
			projectDirPath = "";
			projectRoot = "";
			targets = (
				4788D6CA20B024A70085C1F1 /* AutpLayoutAPI */,
				4788D6DE20B024A90085C1F1 /* AutpLayoutAPITests */,
				4788D6E920B024A90085C1F1 /* AutpLayoutAPIUITests */,
			);
		};
/* End PBXProject section */

/* Begin PBXResourcesBuildPhase section */
		4788D6C920B024A70085C1F1 /* Resources */ = {
			isa = PBXResourcesBuildPhase;
			buildActionMask = 2147483647;
			files = (
				4788D6D920B024A90085C1F1 /* LaunchScreen.storyboard in Resources */,
				4788D6D620B024A90085C1F1 /* Assets.xcassets in Resources */,
				4788D6D420B024A70085C1F1 /* Main.storyboard in Resources */,
			);
			runOnlyForDeploymentPostprocessing = 0;
		};
		4788D6DD20B024A90085C1F1 /* Resources */ = {
			isa = PBXResourcesBuildPhase;
			buildActionMask = 2147483647;
			files = (
			);
			runOnlyForDeploymentPostprocessing = 0;
		};
		4788D6E820B024A90085C1F1 /* Resources */ = {
			isa = PBXResourcesBuildPhase;
			buildActionMask = 2147483647;
			files = (
			);
			runOnlyForDeploymentPostprocessing = 0;
		};
/* End PBXResourcesBuildPhase section */

/* Begin PBXSourcesBuildPhase section */
		4788D6C720B024A70085C1F1 /* Sources */ = {
			isa = PBXSourcesBuildPhase;
			buildActionMask = 2147483647;
			files = (
				4788D6D120B024A70085C1F1 /* ViewController.swift in Sources */,
				4788D6CF20B024A70085C1F1 /* AppDelegate.swift in Sources */,
			);
			runOnlyForDeploymentPostprocessing = 0;
		};
		4788D6DB20B024A90085C1F1 /* Sources */ = {
			isa = PBXSourcesBuildPhase;
			buildActionMask = 2147483647;
			files = (
				4788D6E420B024A90085C1F1 /* testTests.swift in Sources */,
			);
			runOnlyForDeploymentPostprocessing = 0;
		};
		4788D6E620B024A90085C1F1 /* Sources */ = {
			isa = PBXSourcesBuildPhase;
			buildActionMask = 2147483647;
			files = (
				4788D6EF20B024A90085C1F1 /* testUITests.swift in Sources */,
			);
			runOnlyForDeploymentPostprocessing = 0;
		};
/* End PBXSourcesBuildPhase section */

/* Begin PBXTargetDependency section */
		4788D6E120B024A90085C1F1 /* PBXTargetDependency */ = {
			isa = PBXTargetDependency;
			target = 4788D6CA20B024A70085C1F1 /* AutpLayoutAPI */;
			targetProxy = 4788D6E020B024A90085C1F1 /* PBXContainerItemProxy */;
		};
		4788D6EC20B024A90085C1F1 /* PBXTargetDependency */ = {
			isa = PBXTargetDependency;
			target = 4788D6CA20B024A70085C1F1 /* AutpLayoutAPI */;
			targetProxy = 4788D6EB20B024A90085C1F1 /* PBXContainerItemProxy */;
		};
/* End PBXTargetDependency section */

/* Begin PBXVariantGroup section */
		4788D6D220B024A70085C1F1 /* Main.storyboard */ = {
			isa = PBXVariantGroup;
			children = (
				4788D6D320B024A70085C1F1 /* Base */,
			);
			name = Main.storyboard;
			sourceTree = "<group>";
		};
		4788D6D720B024A90085C1F1 /* LaunchScreen.storyboard */ = {
			isa = PBXVariantGroup;
			children = (
				4788D6D820B024A90085C1F1 /* Base */,
			);
			name = LaunchScreen.storyboard;
			sourceTree = "<group>";
		};
/* End PBXVariantGroup section */

/* Begin XCBuildConfiguration section */
		4788D6F120B024A90085C1F1 /* Debug */ = {
			isa = XCBuildConfiguration;
			buildSettings = {
				ALWAYS_SEARCH_USER_PATHS = NO;
				CLANG_ANALYZER_NONNULL = YES;
				CLANG_ANALYZER_NUMBER_OBJECT_CONVERSION = YES_AGGRESSIVE;
				CLANG_CXX_LANGUAGE_STANDARD = "gnu++14";
				CLANG_CXX_LIBRARY = "libc++";
				CLANG_ENABLE_MODULES = YES;
				CLANG_ENABLE_OBJC_ARC = YES;
				CLANG_ENABLE_OBJC_WEAK = YES;
				CLANG_WARN_BLOCK_CAPTURE_AUTORELEASING = YES;
				CLANG_WARN_BOOL_CONVERSION = YES;
				CLANG_WARN_COMMA = YES;
				CLANG_WARN_CONSTANT_CONVERSION = YES;
				CLANG_WARN_DEPRECATED_OBJC_IMPLEMENTATIONS = YES;
				CLANG_WARN_DIRECT_OBJC_ISA_USAGE = YES_ERROR;
				CLANG_WARN_DOCUMENTATION_COMMENTS = YES;
				CLANG_WARN_EMPTY_BODY = YES;
				CLANG_WARN_ENUM_CONVERSION = YES;
				CLANG_WARN_INFINITE_RECURSION = YES;
				CLANG_WARN_INT_CONVERSION = YES;
				CLANG_WARN_NON_LITERAL_NULL_CONVERSION = YES;
				CLANG_WARN_OBJC_IMPLICIT_RETAIN_SELF = YES;
				CLANG_WARN_OBJC_LITERAL_CONVERSION = YES;
				CLANG_WARN_OBJC_ROOT_CLASS = YES_ERROR;
				CLANG_WARN_RANGE_LOOP_ANALYSIS = YES;
				CLANG_WARN_STRICT_PROTOTYPES = YES;
				CLANG_WARN_SUSPICIOUS_MOVE = YES;
				CLANG_WARN_UNGUARDED_AVAILABILITY = YES_AGGRESSIVE;
				CLANG_WARN_UNREACHABLE_CODE = YES;
				CLANG_WARN__DUPLICATE_METHOD_MATCH = YES;
				CODE_SIGN_IDENTITY = "iPhone Developer";
				COPY_PHASE_STRIP = NO;
				DEBUG_INFORMATION_FORMAT = dwarf;
				ENABLE_STRICT_OBJC_MSGSEND = YES;
				ENABLE_TESTABILITY = YES;
				GCC_C_LANGUAGE_STANDARD = gnu11;
				GCC_DYNAMIC_NO_PIC = NO;
				GCC_NO_COMMON_BLOCKS = YES;
				GCC_OPTIMIZATION_LEVEL = 0;
				GCC_PREPROCESSOR_DEFINITIONS = (
					"DEBUG=1",
					"$(inherited)",
				);
				GCC_WARN_64_TO_32_BIT_CONVERSION = YES;
				GCC_WARN_ABOUT_RETURN_TYPE = YES_ERROR;
				GCC_WARN_UNDECLARED_SELECTOR = YES;
				GCC_WARN_UNINITIALIZED_AUTOS = YES_AGGRESSIVE;
				GCC_WARN_UNUSED_FUNCTION = YES;
				GCC_WARN_UNUSED_VARIABLE = YES;
				IPHONEOS_DEPLOYMENT_TARGET = 11.3;
				MTL_ENABLE_DEBUG_INFO = YES;
				ONLY_ACTIVE_ARCH = YES;
				SDKROOT = iphoneos;
				SWIFT_ACTIVE_COMPILATION_CONDITIONS = DEBUG;
				SWIFT_OPTIMIZATION_LEVEL = "-Onone";
			};
			name = Debug;
		};
		4788D6F220B024A90085C1F1 /* Release */ = {
			isa = XCBuildConfiguration;
			buildSettings = {
				ALWAYS_SEARCH_USER_PATHS = NO;
				CLANG_ANALYZER_NONNULL = YES;
				CLANG_ANALYZER_NUMBER_OBJECT_CONVERSION = YES_AGGRESSIVE;
				CLANG_CXX_LANGUAGE_STANDARD = "gnu++14";
				CLANG_CXX_LIBRARY = "libc++";
				CLANG_ENABLE_MODULES = YES;
				CLANG_ENABLE_OBJC_ARC = YES;
				CLANG_ENABLE_OBJC_WEAK = YES;
				CLANG_WARN_BLOCK_CAPTURE_AUTORELEASING = YES;
				CLANG_WARN_BOOL_CONVERSION = YES;
				CLANG_WARN_COMMA = YES;
				CLANG_WARN_CONSTANT_CONVERSION = YES;
				CLANG_WARN_DEPRECATED_OBJC_IMPLEMENTATIONS = YES;
				CLANG_WARN_DIRECT_OBJC_ISA_USAGE = YES_ERROR;
				CLANG_WARN_DOCUMENTATION_COMMENTS = YES;
				CLANG_WARN_EMPTY_BODY = YES;
				CLANG_WARN_ENUM_CONVERSION = YES;
				CLANG_WARN_INFINITE_RECURSION = YES;
				CLANG_WARN_INT_CONVERSION = YES;
				CLANG_WARN_NON_LITERAL_NULL_CONVERSION = YES;
				CLANG_WARN_OBJC_IMPLICIT_RETAIN_SELF = YES;
				CLANG_WARN_OBJC_LITERAL_CONVERSION = YES;
				CLANG_WARN_OBJC_ROOT_CLASS = YES_ERROR;
				CLANG_WARN_RANGE_LOOP_ANALYSIS = YES;
				CLANG_WARN_STRICT_PROTOTYPES = YES;
				CLANG_WARN_SUSPICIOUS_MOVE = YES;
				CLANG_WARN_UNGUARDED_AVAILABILITY = YES_AGGRESSIVE;
				CLANG_WARN_UNREACHABLE_CODE = YES;
				CLANG_WARN__DUPLICATE_METHOD_MATCH = YES;
				CODE_SIGN_IDENTITY = "iPhone Developer";
				COPY_PHASE_STRIP = NO;
				DEBUG_INFORMATION_FORMAT = "dwarf-with-dsym";
				ENABLE_NS_ASSERTIONS = NO;
				ENABLE_STRICT_OBJC_MSGSEND = YES;
				GCC_C_LANGUAGE_STANDARD = gnu11;
				GCC_NO_COMMON_BLOCKS = YES;
				GCC_WARN_64_TO_32_BIT_CONVERSION = YES;
				GCC_WARN_ABOUT_RETURN_TYPE = YES_ERROR;
				GCC_WARN_UNDECLARED_SELECTOR = YES;
				GCC_WARN_UNINITIALIZED_AUTOS = YES_AGGRESSIVE;
				GCC_WARN_UNUSED_FUNCTION = YES;
				GCC_WARN_UNUSED_VARIABLE = YES;
				IPHONEOS_DEPLOYMENT_TARGET = 11.3;
				MTL_ENABLE_DEBUG_INFO = NO;
				SDKROOT = iphoneos;
				SWIFT_COMPILATION_MODE = wholemodule;
				SWIFT_OPTIMIZATION_LEVEL = "-O";
				VALIDATE_PRODUCT = YES;
			};
			name = Release;
		};
		4788D6F420B024A90085C1F1 /* Debug */ = {
			isa = XCBuildConfiguration;
			buildSettings = {
				ASSETCATALOG_COMPILER_APPICON_NAME = AppIcon;
				CODE_SIGN_STYLE = Automatic;
				INFOPLIST_FILE = test/Info.plist;
				LD_RUNPATH_SEARCH_PATHS = (
					"$(inherited)",
					"@executable_path/Frameworks",
				);
				PRODUCT_BUNDLE_IDENTIFIER = pub.xyw.test;
				PRODUCT_NAME = "$(TARGET_NAME)";
				SWIFT_VERSION = 4.0;
				TARGETED_DEVICE_FAMILY = "1,2";
			};
			name = Debug;
		};
		4788D6F520B024A90085C1F1 /* Release */ = {
			isa = XCBuildConfiguration;
			buildSettings = {
				ASSETCATALOG_COMPILER_APPICON_NAME = AppIcon;
				CODE_SIGN_STYLE = Automatic;
				INFOPLIST_FILE = test/Info.plist;
				LD_RUNPATH_SEARCH_PATHS = (
					"$(inherited)",
					"@executable_path/Frameworks",
				);
				PRODUCT_BUNDLE_IDENTIFIER = pub.xyw.test;
				PRODUCT_NAME = "$(TARGET_NAME)";
				SWIFT_VERSION = 4.0;
				TARGETED_DEVICE_FAMILY = "1,2";
			};
			name = Release;
		};
		4788D6F720B024A90085C1F1 /* Debug */ = {
			isa = XCBuildConfiguration;
			buildSettings = {
				ALWAYS_EMBED_SWIFT_STANDARD_LIBRARIES = YES;
				BUNDLE_LOADER = "$(TEST_HOST)";
				CODE_SIGN_STYLE = Automatic;
				INFOPLIST_FILE = testTests/Info.plist;
				LD_RUNPATH_SEARCH_PATHS = (
					"$(inherited)",
					"@executable_path/Frameworks",
					"@loader_path/Frameworks",
				);
				PRODUCT_BUNDLE_IDENTIFIER = pub.xyw.testTests;
				PRODUCT_NAME = "$(TARGET_NAME)";
				SWIFT_VERSION = 4.0;
				TARGETED_DEVICE_FAMILY = "1,2";
				TEST_HOST = "$(BUILT_PRODUCTS_DIR)/AutpLayoutAPI.app/AutpLayoutAPI";
			};
			name = Debug;
		};
		4788D6F820B024A90085C1F1 /* Release */ = {
			isa = XCBuildConfiguration;
			buildSettings = {
				ALWAYS_EMBED_SWIFT_STANDARD_LIBRARIES = YES;
				BUNDLE_LOADER = "$(TEST_HOST)";
				CODE_SIGN_STYLE = Automatic;
				INFOPLIST_FILE = testTests/Info.plist;
				LD_RUNPATH_SEARCH_PATHS = (
					"$(inherited)",
					"@executable_path/Frameworks",
					"@loader_path/Frameworks",
				);
				PRODUCT_BUNDLE_IDENTIFIER = pub.xyw.testTests;
				PRODUCT_NAME = "$(TARGET_NAME)";
				SWIFT_VERSION = 4.0;
				TARGETED_DEVICE_FAMILY = "1,2";
				TEST_HOST = "$(BUILT_PRODUCTS_DIR)/AutpLayoutAPI.app/AutpLayoutAPI";
			};
			name = Release;
		};
		4788D6FA20B024A90085C1F1 /* Debug */ = {
			isa = XCBuildConfiguration;
			buildSettings = {
				ALWAYS_EMBED_SWIFT_STANDARD_LIBRARIES = YES;
				CODE_SIGN_STYLE = Automatic;
				INFOPLIST_FILE = testUITests/Info.plist;
				LD_RUNPATH_SEARCH_PATHS = (
					"$(inherited)",
					"@executable_path/Frameworks",
					"@loader_path/Frameworks",
				);
				PRODUCT_BUNDLE_IDENTIFIER = pub.xyw.testUITests;
				PRODUCT_NAME = "$(TARGET_NAME)";
				SWIFT_VERSION = 4.0;
				TARGETED_DEVICE_FAMILY = "1,2";
				TEST_TARGET_NAME = test;
			};
			name = Debug;
		};
		4788D6FB20B024A90085C1F1 /* Release */ = {
			isa = XCBuildConfiguration;
			buildSettings = {
				ALWAYS_EMBED_SWIFT_STANDARD_LIBRARIES = YES;
				CODE_SIGN_STYLE = Automatic;
				INFOPLIST_FILE = testUITests/Info.plist;
				LD_RUNPATH_SEARCH_PATHS = (
					"$(inherited)",
					"@executable_path/Frameworks",
					"@loader_path/Frameworks",
				);
				PRODUCT_BUNDLE_IDENTIFIER = pub.xyw.testUITests;
				PRODUCT_NAME = "$(TARGET_NAME)";
				SWIFT_VERSION = 4.0;
				TARGETED_DEVICE_FAMILY = "1,2";
				TEST_TARGET_NAME = test;
			};
			name = Release;
		};
/* End XCBuildConfiguration section */

/* Begin XCConfigurationList section */
		4788D6C620B024A70085C1F1 /* Build configuration list for PBXProject "AutpLayoutAPI" */ = {
			isa = XCConfigurationList;
			buildConfigurations = (
				4788D6F120B024A90085C1F1 /* Debug */,
				4788D6F220B024A90085C1F1 /* Release */,
			);
			defaultConfigurationIsVisible = 0;
			defaultConfigurationName = Release;
		};
		4788D6F320B024A90085C1F1 /* Build configuration list for PBXNativeTarget "AutpLayoutAPI" */ = {
			isa = XCConfigurationList;
			buildConfigurations = (
				4788D6F420B024A90085C1F1 /* Debug */,
				4788D6F520B024A90085C1F1 /* Release */,
			);
			defaultConfigurationIsVisible = 0;
			defaultConfigurationName = Release;
		};
		4788D6F620B024A90085C1F1 /* Build configuration list for PBXNativeTarget "AutpLayoutAPITests" */ = {
			isa = XCConfigurationList;
			buildConfigurations = (
				4788D6F720B024A90085C1F1 /* Debug */,
				4788D6F820B024A90085C1F1 /* Release */,
			);
			defaultConfigurationIsVisible = 0;
			defaultConfigurationName = Release;
		};
		4788D6F920B024A90085C1F1 /* Build configuration list for PBXNativeTarget "AutpLayoutAPIUITests" */ = {
			isa = XCConfigurationList;
			buildConfigurations = (
				4788D6FA20B024A90085C1F1 /* Debug */,
				4788D6FB20B024A90085C1F1 /* Release */,
			);
			defaultConfigurationIsVisible = 0;
			defaultConfigurationName = Release;
		};
/* End XCConfigurationList section */
	};
	rootObject = 4788D6C320B024A70085C1F1 /* Project object */;
}
